
Microsoft Visual Studio Solution File, Format Version 12.00
# Visual Studio Version 17
VisualStudioVersion = 17.7.34221.43
MinimumVisualStudioVersion = 10.0.40219.1
Project("{FAE04EC0-301F-11D3-BF4B-00C04F79EFBC}") = "SonicHesap.Entities", "SonicHesap.Entities\SonicHesap.Entities.csproj", "{28160B92-CFC5-4A3B-9A16-2906492D4A07}"
EndProject
Project("{FAE04EC0-301F-11D3-BF4B-00C04F79EFBC}") = "SonicHesap.BackOffice", "SonicHesap.BackOffice\SonicHesap.BackOffice.csproj", "{78473091-CFDF-4803-B34D-CDA9C75A4627}"
EndProject
Project("{FAE04EC0-301F-11D3-BF4B-00C04F79EFBC}") = "SonicHesap.FrontOffice", "SonicHesap.FrontOffice\SonicHesap.FrontOffice.csproj", "{A9EE3BBA-AA9B-4798-A18E-ECD4B8F02B1B}"
EndProject
Project("{FAE04EC0-301F-11D3-BF4B-00C04F79EFBC}") = "SonicHesap.Report", "SonicHesap.Report\SonicHesap.Report.csproj", "{F22364E4-32CD-4BFC-A10D-CEFA2377D2CC}"
EndProject
Global
	GlobalSection(SolutionConfigurationPlatforms) = preSolution
		Debug|Any CPU = Debug|Any CPU
		Release|Any CPU = Release|Any CPU
	EndGlobalSection
	GlobalSection(ProjectConfigurationPlatforms) = postSolution
		{28160B92-CFC5-4A3B-9A16-2906492D4A07}.Debug|Any CPU.ActiveCfg = Debug|Any CPU
		{28160B92-CFC5-4A3B-9A16-2906492D4A07}.Debug|Any CPU.Build.0 = Debug|Any CPU
		{28160B92-CFC5-4A3B-9A16-2906492D4A07}.Release|Any CPU.ActiveCfg = Release|Any CPU
		{28160B92-CFC5-4A3B-9A16-2906492D4A07}.Release|Any CPU.Build.0 = Release|Any CPU
		{78473091-CFDF-4803-B34D-CDA9C75A4627}.Debug|Any CPU.ActiveCfg = Debug|Any CPU
		{78473091-CFDF-4803-B34D-CDA9C75A4627}.Debug|Any CPU.Build.0 = Debug|Any CPU
		{78473091-CFDF-4803-B34D-CDA9C75A4627}.Release|Any CPU.ActiveCfg = Release|Any CPU
		{78473091-CFDF-4803-B34D-CDA9C75A4627}.Release|Any CPU.Build.0 = Release|Any CPU
		{A9EE3BBA-AA9B-4798-A18E-ECD4B8F02B1B}.Debug|Any CPU.ActiveCfg = Debug|Any CPU
		{A9EE3BBA-AA9B-4798-A18E-ECD4B8F02B1B}.Debug|Any CPU.Build.0 = Debug|Any CPU
		{A9EE3BBA-AA9B-4798-A18E-ECD4B8F02B1B}.Release|Any CPU.ActiveCfg = Release|Any CPU
		{A9EE3BBA-AA9B-4798-A18E-ECD4B8F02B1B}.Release|Any CPU.Build.0 = Release|Any CPU
		{F22364E4-32CD-4BFC-A10D-CEFA2377D2CC}.Debug|Any CPU.ActiveCfg = Debug|Any CPU
		{F22364E4-32CD-4BFC-A10D-CEFA2377D2CC}.Debug|Any CPU.Build.0 = Debug|Any CPU
		{F22364E4-32CD-4BFC-A10D-CEFA2377D2CC}.Release|Any CPU.ActiveCfg = Release|Any CPU
		{F22364E4-32CD-4BFC-A10D-CEFA2377D2CC}.Release|Any CPU.Build.0 = Release|Any CPU
	EndGlobalSection
	GlobalSection(SolutionProperties) = preSolution
		HideSolutionNode = FALSE
	EndGlobalSection
	GlobalSection(ExtensibilityGlobals) = postSolution
		SolutionGuid = {EAB597E2-2FC3-4E8E-B161-9BFFDEA485A6}
	EndGlobalSection
EndGlobal
